
Microsoft Visual Studio Solution File, Format Version 12.00
# Visual Studio Version 16
VisualStudioVersion = 16.0.28803.156
MinimumVisualStudioVersion = 10.0.40219.1
Project("{FAE04EC0-301F-11D3-BF4B-00C04F79EFBC}") = "N7_QLBH_T5", "N7_QLBH_T5\N7_QLBH_T5.csproj", "{60AF0E33-27CA-49A7-A0DE-51CFAE99F074}"
EndProject
Global
	GlobalSection(SolutionConfigurationPlatforms) = preSolution
		Debug|Any CPU = Debug|Any CPU
		Release|Any CPU = Release|Any CPU
	EndGlobalSection
	GlobalSection(ProjectConfigurationPlatforms) = postSolution
		{60AF0E33-27CA-49A7-A0DE-51CFAE99F074}.Debug|Any CPU.ActiveCfg = Debug|Any CPU
		{60AF0E33-27CA-49A7-A0DE-51CFAE99F074}.Debug|Any CPU.Build.0 = Debug|Any CPU
		{60AF0E33-27CA-49A7-A0DE-51CFAE99F074}.Release|Any CPU.ActiveCfg = Release|Any CPU
		{60AF0E33-27CA-49A7-A0DE-51CFAE99F074}.Release|Any CPU.Build.0 = Release|Any CPU
	EndGlobalSection
	GlobalSection(SolutionProperties) = preSolution
		HideSolutionNode = FALSE
	EndGlobalSection
	GlobalSection(ExtensibilityGlobals) = postSolution
		SolutionGuid = {59C01882-5318-49F2-A527-9196E2C72601}
	EndGlobalSection
EndGlobal
